{
  "name": "ajs-ajs",
  "version": "1.0.0",
  "lockfileVersion": 2,
  "requires": true,
  "packages": {
    "": {
      "name": "ajs-ajs",
      "version": "1.0.0",
      "license": "ISC",
      "dependencies": {
        "@janaligotkina/ajs": "^1.0.0"
      }
    },
    "node_modules/@janaligotkina/ajs": {
      "version": "1.0.0",
      "resolved": "https://npm.pkg.github.com/download/@janaligotkina/ajs/1.0.0/772481c98b82b99edbefb26d7d0c824006f1e387",
      "integrity": "sha512-iw4L0DfuVlJZzPvmnS7Yl4h1DneBZHScnyS36NNgPvraTLRL7PsB5cLJtShNx637m5J06M2/ZQ/XPO/em4iCAA==",
      "license": "ISC"
    }
  },
  "dependencies": {
    "@janaligotkina/ajs": {
      "version": "1.0.0",
      "resolved": "https://npm.pkg.github.com/download/@janaligotkina/ajs/1.0.0/772481c98b82b99edbefb26d7d0c824006f1e387",
      "integrity": "sha512-iw4L0DfuVlJZzPvmnS7Yl4h1DneBZHScnyS36NNgPvraTLRL7PsB5cLJtShNx637m5J06M2/ZQ/XPO/em4iCAA=="
    }
  }
}
